{
  "pins" : [
    {
      "identity" : "prynttrimmerview",
      "kind" : "remoteSourceControl",
      "location" : "https://github.com/HHK1/PryntTrimmerView.git",
      "state" : {
        "revision" : "ac1b60a22c7e6a6514de7a66d2f3d5b537c956d5",
        "version" : "4.0.2"
      }
    },
    {
      "identity" : "stevia",
      "kind" : "remoteSourceControl",
      "location" : "https://github.com/elisar4/Stevia.git",
      "state" : {
        "branch" : "v473",
        "revision" : "95e70b34fc34492aa06d13044fe4d67601abf6bf"
      }
    }
  ],
  "version" : 2
}
